
Microsoft Visual Studio Solution File, Format Version 12.00
# Visual Studio Version 17
VisualStudioVersion = 17.5.33530.505
MinimumVisualStudioVersion = 10.0.40219.1
Project("{9A19103F-16F7-4668-BE54-9A1E7A4F7556}") = "IntroduccionAEFCore", "IntroduccionAEFCore.csproj", "{B9CCED7A-0684-4A1A-AE86-16301B7B9CBD}"
EndProject
Global
	GlobalSection(SolutionConfigurationPlatforms) = preSolution
		Debug|Any CPU = Debug|Any CPU
		Release|Any CPU = Release|Any CPU
	EndGlobalSection
	GlobalSection(ProjectConfigurationPlatforms) = postSolution
		{B9CCED7A-0684-4A1A-AE86-16301B7B9CBD}.Debug|Any CPU.ActiveCfg = Debug|Any CPU
		{B9CCED7A-0684-4A1A-AE86-16301B7B9CBD}.Debug|Any CPU.Build.0 = Debug|Any CPU
		{B9CCED7A-0684-4A1A-AE86-16301B7B9CBD}.Release|Any CPU.ActiveCfg = Release|Any CPU
		{B9CCED7A-0684-4A1A-AE86-16301B7B9CBD}.Release|Any CPU.Build.0 = Release|Any CPU
	EndGlobalSection
	GlobalSection(SolutionProperties) = preSolution
		HideSolutionNode = FALSE
	EndGlobalSection
	GlobalSection(ExtensibilityGlobals) = postSolution
		SolutionGuid = {D1B05CE3-BE47-49E5-9D96-4886451EFE6F}
	EndGlobalSection
EndGlobal
